// !$*UTF8*$!
{
	archiveVersion = 1;
	classes = {
	};
	objectVersion = 50;
	objects = {

/* Begin PBXBuildFile section */
		1E9BFF79227ED3B300C11424 /* AppDelegate.swift in Sources */ = {isa = PBXBuildFile; fileRef = 1E9BFF78227ED3B300C11424 /* AppDelegate.swift */; };
		1E9BFF7B227ED3B300C11424 /* ViewController.swift in Sources */ = {isa = PBXBuildFile; fileRef = 1E9BFF7A227ED3B300C11424 /* ViewController.swift */; };
		1E9BFF7E227ED3B300C11424 /* Main.storyboard in Resources */ = {isa = PBXBuildFile; fileRef = 1E9BFF7C227ED3B300C11424 /* Main.storyboard */; };
		1E9BFF80227ED3B600C11424 /* Assets.xcassets in Resources */ = {isa = PBXBuildFile; fileRef = 1E9BFF7F227ED3B600C11424 /* Assets.xcassets */; };
		1E9BFF83227ED3B600C11424 /* LaunchScreen.storyboard in Resources */ = {isa = PBXBuildFile; fileRef = 1E9BFF81227ED3B600C11424 /* LaunchScreen.storyboard */; };
		1E9BFF8D227ED64400C11424 /* Person.swift in Sources */ = {isa = PBXBuildFile; fileRef = 1E9BFF8C227ED64400C11424 /* Person.swift */; };
		1E9BFF8F227ED82200C11424 /* Employee.swift in Sources */ = {isa = PBXBuildFile; fileRef = 1E9BFF8E227ED82200C11424 /* Employee.swift */; };
		1E9BFF91227ED84400C11424 /* Manager.swift in Sources */ = {isa = PBXBuildFile; fileRef = 1E9BFF90227ED84400C11424 /* Manager.swift */; };
/* End PBXBuildFile section */

/* Begin PBXFileReference section */
		1E9BFF75227ED3B300C11424 /* CalcSalary.app */ = {isa = PBXFileReference; explicitFileType = wrapper.application; includeInIndex = 0; path = CalcSalary.app; sourceTree = BUILT_PRODUCTS_DIR; };
		1E9BFF78227ED3B300C11424 /* AppDelegate.swift */ = {isa = PBXFileReference; lastKnownFileType = sourcecode.swift; path = AppDelegate.swift; sourceTree = "<group>"; };
		1E9BFF7A227ED3B300C11424 /* ViewController.swift */ = {isa = PBXFileReference; lastKnownFileType = sourcecode.swift; path = ViewController.swift; sourceTree = "<group>"; };
		1E9BFF7D227ED3B300C11424 /* Base */ = {isa = PBXFileReference; lastKnownFileType = file.storyboard; name = Base; path = Base.lproj/Main.storyboard; sourceTree = "<group>"; };
		1E9BFF7F227ED3B600C11424 /* Assets.xcassets */ = {isa = PBXFileReference; lastKnownFileType = folder.assetcatalog; path = Assets.xcassets; sourceTree = "<group>"; };
		1E9BFF82227ED3B600C11424 /* Base */ = {isa = PBXFileReference; lastKnownFileType = file.storyboard; name = Base; path = Base.lproj/LaunchScreen.storyboard; sourceTree = "<group>"; };
		1E9BFF84227ED3B600C11424 /* Info.plist */ = {isa = PBXFileReference; lastKnownFileType = text.plist.xml; path = Info.plist; sourceTree = "<group>"; };
		1E9BFF8C227ED64400C11424 /* Person.swift */ = {isa = PBXFileReference; lastKnownFileType = sourcecode.swift; path = Person.swift; sourceTree = "<group>"; };
		1E9BFF8E227ED82200C11424 /* Employee.swift */ = {isa = PBXFileReference; lastKnownFileType = sourcecode.swift; path = Employee.swift; sourceTree = "<group>"; };
		1E9BFF90227ED84400C11424 /* Manager.swift */ = {isa = PBXFileReference; lastKnownFileType = sourcecode.swift; path = Manager.swift; sourceTree = "<group>"; };
/* End PBXFileReference section */

/* Begin PBXFrameworksBuildPhase section */
		1E9BFF72227ED3B300C11424 /* Frameworks */ = {
			isa = PBXFrameworksBuildPhase;
			buildActionMask = 2147483647;
			files = (
			);
			runOnlyForDeploymentPostprocessing = 0;
		};
/* End PBXFrameworksBuildPhase section */

/* Begin PBXGroup section */
		1E9BFF6C227ED3B300C11424 = {
			isa = PBXGroup;
			children = (
				1E9BFF77227ED3B300C11424 /* CalcSalary */,
				1E9BFF76227ED3B300C11424 /* Products */,
			);
			sourceTree = "<group>";
		};
		1E9BFF76227ED3B300C11424 /* Products */ = {
			isa = PBXGroup;
			children = (
				1E9BFF75227ED3B300C11424 /* CalcSalary.app */,
			);
			name = Products;
			sourceTree = "<group>";
		};
		1E9BFF77227ED3B300C11424 /* CalcSalary */ = {
			isa = PBXGroup;
			children = (
				1E9BFF78227ED3B300C11424 /* AppDelegate.swift */,
				1E9BFF7A227ED3B300C11424 /* ViewController.swift */,
				1E9BFF7C227ED3B300C11424 /* Main.storyboard */,
				1E9BFF7F227ED3B600C11424 /* Assets.xcassets */,
				1E9BFF81227ED3B600C11424 /* LaunchScreen.storyboard */,
				1E9BFF84227ED3B600C11424 /* Info.plist */,
				1E9BFF8C227ED64400C11424 /* Person.swift */,
				1E9BFF8E227ED82200C11424 /* Employee.swift */,
				1E9BFF90227ED84400C11424 /* Manager.swift */,
			);
			path = CalcSalary;
			sourceTree = "<group>";
		};
/* End PBXGroup section */

/* Begin PBXNativeTarget section */
		1E9BFF74227ED3B300C11424 /* CalcSalary */ = {
			isa = PBXNativeTarget;
			buildConfigurationList = 1E9BFF87227ED3B600C11424 /* Build configuration list for PBXNativeTarget "CalcSalary" */;
			buildPhases = (
				1E9BFF71227ED3B300C11424 /* Sources */,
				1E9BFF72227ED3B300C11424 /* Frameworks */,
				1E9BFF73227ED3B300C11424 /* Resources */,
			);
			buildRules = (
			);
			dependencies = (
			);
			name = CalcSalary;
			productName = CalcSalary;
			productReference = 1E9BFF75227ED3B300C11424 /* CalcSalary.app */;
			productType = "com.apple.product-type.application";
		};
/* End PBXNativeTarget section */

/* Begin PBXProject section */
		1E9BFF6D227ED3B300C11424 /* Project object */ = {
			isa = PBXProject;
			attributes = {
				LastSwiftUpdateCheck = 1010;
				LastUpgradeCheck = 1010;
				ORGANIZATIONNAME = ITI;
				TargetAttributes = {
					1E9BFF74227ED3B300C11424 = {
						CreatedOnToolsVersion = 10.1;
					};
				};
			};
			buildConfigurationList = 1E9BFF70227ED3B300C11424 /* Build configuration list for PBXProject "CalcSalary" */;
			compatibilityVersion = "Xcode 9.3";
			developmentRegion = en;
			hasScannedForEncodings = 0;
			knownRegions = (
				en,
				Base,
			);
			mainGroup = 1E9BFF6C227ED3B300C11424;
			productRefGroup = 1E9BFF76227ED3B300C11424 /* Products */;
			projectDirPath = "";
			projectRoot = "";
			targets = (
				1E9BFF74227ED3B300C11424 /* CalcSalary */,
			);
		};
/* End PBXProject section */

/* Begin PBXResourcesBuildPhase section */
		1E9BFF73227ED3B300C11424 /* Resources */ = {
			isa = PBXResourcesBuildPhase;
			buildActionMask = 2147483647;
			files = (
				1E9BFF83227ED3B600C11424 /* LaunchScreen.storyboard in Resources */,
				1E9BFF80227ED3B600C11424 /* Assets.xcassets in Resources */,
				1E9BFF7E227ED3B300C11424 /* Main.storyboard in Resources */,
			);
			runOnlyForDeploymentPostprocessing = 0;
		};
/* End PBXResourcesBuildPhase section */

/* Begin PBXSourcesBuildPhase section */
		1E9BFF71227ED3B300C11424 /* Sources */ = {
			isa = PBXSourcesBuildPhase;
			buildActionMask = 2147483647;
			files = (
				1E9BFF8D227ED64400C11424 /* Person.swift in Sources */,
				1E9BFF8F227ED82200C11424 /* Employee.swift in Sources */,
				1E9BFF7B227ED3B300C11424 /* ViewController.swift in Sources */,
				1E9BFF79227ED3B300C11424 /* AppDelegate.swift in Sources */,
				1E9BFF91227ED84400C11424 /* Manager.swift in Sources */,
			);
			runOnlyForDeploymentPostprocessing = 0;
		};
/* End PBXSourcesBuildPhase section */

/* Begin PBXVariantGroup section */
		1E9BFF7C227ED3B300C11424 /* Main.storyboard */ = {
			isa = PBXVariantGroup;
			children = (
				1E9BFF7D227ED3B300C11424 /* Base */,
			);
			name = Main.storyboard;
			sourceTree = "<group>";
		};
		1E9BFF81227ED3B600C11424 /* LaunchScreen.storyboard */ = {
			isa = PBXVariantGroup;
			children = (
				1E9BFF82227ED3B600C11424 /* Base */,
			);
			name = LaunchScreen.storyboard;
			sourceTree = "<group>";
		};
/* End PBXVariantGroup section */

/* Begin XCBuildConfiguration section */
		1E9BFF85227ED3B600C11424 /* Debug */ = {
			isa = XCBuildConfiguration;
			buildSettings = {
				ALWAYS_SEARCH_USER_PATHS = NO;
				CLANG_ANALYZER_NONNULL = YES;
				CLANG_ANALYZER_NUMBER_OBJECT_CONVERSION = YES_AGGRESSIVE;
				CLANG_CXX_LANGUAGE_STANDARD = "gnu++14";
				CLANG_CXX_LIBRARY = "libc++";
				CLANG_ENABLE_MODULES = YES;
				CLANG_ENABLE_OBJC_ARC = YES;
				CLANG_ENABLE_OBJC_WEAK = YES;
				CLANG_WARN_BLOCK_CAPTURE_AUTORELEASING = YES;
				CLANG_WARN_BOOL_CONVERSION = YES;
				CLANG_WARN_COMMA = YES;
				CLANG_WARN_CONSTANT_CONVERSION = YES;
				CLANG_WARN_DEPRECATED_OBJC_IMPLEMENTATIONS = YES;
				CLANG_WARN_DIRECT_OBJC_ISA_USAGE = YES_ERROR;
				CLANG_WARN_DOCUMENTATION_COMMENTS = YES;
				CLANG_WARN_EMPTY_BODY = YES;
				CLANG_WARN_ENUM_CONVERSION = YES;
				CLANG_WARN_INFINITE_RECURSION = YES;
				CLANG_WARN_INT_CONVERSION = YES;
				CLANG_WARN_NON_LITERAL_NULL_CONVERSION = YES;
				CLANG_WARN_OBJC_IMPLICIT_RETAIN_SELF = YES;
				CLANG_WARN_OBJC_LITERAL_CONVERSION = YES;
				CLANG_WARN_OBJC_ROOT_CLASS = YES_ERROR;
				CLANG_WARN_RANGE_LOOP_ANALYSIS = YES;
				CLANG_WARN_STRICT_PROTOTYPES = YES;
				CLANG_WARN_SUSPICIOUS_MOVE = YES;
				CLANG_WARN_UNGUARDED_AVAILABILITY = YES_AGGRESSIVE;
				CLANG_WARN_UNREACHABLE_CODE = YES;
				CLANG_WARN__DUPLICATE_METHOD_MATCH = YES;
				CODE_SIGN_IDENTITY = "iPhone Developer";
				COPY_PHASE_STRIP = NO;
				DEBUG_INFORMATION_FORMAT = dwarf;
				ENABLE_STRICT_OBJC_MSGSEND = YES;
				ENABLE_TESTABILITY = YES;
				GCC_C_LANGUAGE_STANDARD = gnu11;
				GCC_DYNAMIC_NO_PIC = NO;
				GCC_NO_COMMON_BLOCKS = YES;
				GCC_OPTIMIZATION_LEVEL = 0;
				GCC_PREPROCESSOR_DEFINITIONS = (
					"DEBUG=1",
					"$(inherited)",
				);
				GCC_WARN_64_TO_32_BIT_CONVERSION = YES;
				GCC_WARN_ABOUT_RETURN_TYPE = YES_ERROR;
				GCC_WARN_UNDECLARED_SELECTOR = YES;
				GCC_WARN_UNINITIALIZED_AUTOS = YES_AGGRESSIVE;
				GCC_WARN_UNUSED_FUNCTION = YES;
				GCC_WARN_UNUSED_VARIABLE = YES;
				IPHONEOS_DEPLOYMENT_TARGET = 12.1;
				MTL_ENABLE_DEBUG_INFO = INCLUDE_SOURCE;
				MTL_FAST_MATH = YES;
				ONLY_ACTIVE_ARCH = YES;
				SDKROOT = iphoneos;
				SWIFT_ACTIVE_COMPILATION_CONDITIONS = DEBUG;
				SWIFT_OPTIMIZATION_LEVEL = "-Onone";
			};
			name = Debug;
		};
		1E9BFF86227ED3B600C11424 /* Release */ = {
			isa = XCBuildConfiguration;
			buildSettings = {
				ALWAYS_SEARCH_USER_PATHS = NO;
				CLANG_ANALYZER_NONNULL = YES;
				CLANG_ANALYZER_NUMBER_OBJECT_CONVERSION = YES_AGGRESSIVE;
				CLANG_CXX_LANGUAGE_STANDARD = "gnu++14";
				CLANG_CXX_LIBRARY = "libc++";
				CLANG_ENABLE_MODULES = YES;
				CLANG_ENABLE_OBJC_ARC = YES;
				CLANG_ENABLE_OBJC_WEAK = YES;
				CLANG_WARN_BLOCK_CAPTURE_AUTORELEASING = YES;
				CLANG_WARN_BOOL_CONVERSION = YES;
				CLANG_WARN_COMMA = YES;
				CLANG_WARN_CONSTANT_CONVERSION = YES;
				CLANG_WARN_DEPRECATED_OBJC_IMPLEMENTATIONS = YES;
				CLANG_WARN_DIRECT_OBJC_ISA_USAGE = YES_ERROR;
				CLANG_WARN_DOCUMENTATION_COMMENTS = YES;
				CLANG_WARN_EMPTY_BODY = YES;
				CLANG_WARN_ENUM_CONVERSION = YES;
				CLANG_WARN_INFINITE_RECURSION = YES;
				CLANG_WARN_INT_CONVERSION = YES;
				CLANG_WARN_NON_LITERAL_NULL_CONVERSION = YES;
				CLANG_WARN_OBJC_IMPLICIT_RETAIN_SELF = YES;
				CLANG_WARN_OBJC_LITERAL_CONVERSION = YES;
				CLANG_WARN_OBJC_ROOT_CLASS = YES_ERROR;
				CLANG_WARN_RANGE_LOOP_ANALYSIS = YES;
				CLANG_WARN_STRICT_PROTOTYPES = YES;
				CLANG_WARN_SUSPICIOUS_MOVE = YES;
				CLANG_WARN_UNGUARDED_AVAILABILITY = YES_AGGRESSIVE;
				CLANG_WARN_UNREACHABLE_CODE = YES;
				CLANG_WARN__DUPLICATE_METHOD_MATCH = YES;
				CODE_SIGN_IDENTITY = "iPhone Developer";
				COPY_PHASE_STRIP = NO;
				DEBUG_INFORMATION_FORMAT = "dwarf-with-dsym";
				ENABLE_NS_ASSERTIONS = NO;
				ENABLE_STRICT_OBJC_MSGSEND = YES;
				GCC_C_LANGUAGE_STANDARD = gnu11;
				GCC_NO_COMMON_BLOCKS = YES;
				GCC_WARN_64_TO_32_BIT_CONVERSION = YES;
				GCC_WARN_ABOUT_RETURN_TYPE = YES_ERROR;
				GCC_WARN_UNDECLARED_SELECTOR = YES;
				GCC_WARN_UNINITIALIZED_AUTOS = YES_AGGRESSIVE;
				GCC_WARN_UNUSED_FUNCTION = YES;
				GCC_WARN_UNUSED_VARIABLE = YES;
				IPHONEOS_DEPLOYMENT_TARGET = 12.1;
				MTL_ENABLE_DEBUG_INFO = NO;
				MTL_FAST_MATH = YES;
				SDKROOT = iphoneos;
				SWIFT_COMPILATION_MODE = wholemodule;
				SWIFT_OPTIMIZATION_LEVEL = "-O";
				VALIDATE_PRODUCT = YES;
			};
			name = Release;
		};
		1E9BFF88227ED3B600C11424 /* Debug */ = {
			isa = XCBuildConfiguration;
			buildSettings = {
				ASSETCATALOG_COMPILER_APPICON_NAME = AppIcon;
				CODE_SIGN_STYLE = Automatic;
				INFOPLIST_FILE = CalcSalary/Info.plist;
				LD_RUNPATH_SEARCH_PATHS = (
					"$(inherited)",
					"@executable_path/Frameworks",
				);
				PRODUCT_BUNDLE_IDENTIFIER = JETS.CalcSalary;
				PRODUCT_NAME = "$(TARGET_NAME)";
				SWIFT_VERSION = 4.2;
				TARGETED_DEVICE_FAMILY = "1,2";
			};
			name = Debug;
		};
		1E9BFF89227ED3B600C11424 /* Release */ = {
			isa = XCBuildConfiguration;
			buildSettings = {
				ASSETCATALOG_COMPILER_APPICON_NAME = AppIcon;
				CODE_SIGN_STYLE = Automatic;
				INFOPLIST_FILE = CalcSalary/Info.plist;
				LD_RUNPATH_SEARCH_PATHS = (
					"$(inherited)",
					"@executable_path/Frameworks",
				);
				PRODUCT_BUNDLE_IDENTIFIER = JETS.CalcSalary;
				PRODUCT_NAME = "$(TARGET_NAME)";
				SWIFT_VERSION = 4.2;
				TARGETED_DEVICE_FAMILY = "1,2";
			};
			name = Release;
		};
/* End XCBuildConfiguration section */

/* Begin XCConfigurationList section */
		1E9BFF70227ED3B300C11424 /* Build configuration list for PBXProject "CalcSalary" */ = {
			isa = XCConfigurationList;
			buildConfigurations = (
				1E9BFF85227ED3B600C11424 /* Debug */,
				1E9BFF86227ED3B600C11424 /* Release */,
			);
			defaultConfigurationIsVisible = 0;
			defaultConfigurationName = Release;
		};
		1E9BFF87227ED3B600C11424 /* Build configuration list for PBXNativeTarget "CalcSalary" */ = {
			isa = XCConfigurationList;
			buildConfigurations = (
				1E9BFF88227ED3B600C11424 /* Debug */,
				1E9BFF89227ED3B600C11424 /* Release */,
			);
			defaultConfigurationIsVisible = 0;
			defaultConfigurationName = Release;
		};
/* End XCConfigurationList section */
	};
	rootObject = 1E9BFF6D227ED3B300C11424 /* Project object */;
}
